
Microsoft Visual Studio Solution File, Format Version 12.00
# Visual Studio Version 17
VisualStudioVersion = 17.4.33213.308
MinimumVisualStudioVersion = 10.0.40219.1
Project("{FAE04EC0-301F-11D3-BF4B-00C04F79EFBC}") = "Labb12", "Labb12\Labb12.csproj", "{28159BB1-4BC7-4C8B-8139-FCCA4CEC3D0D}"
EndProject
Global
	GlobalSection(SolutionConfigurationPlatforms) = preSolution
		Debug|Any CPU = Debug|Any CPU
		Release|Any CPU = Release|Any CPU
	EndGlobalSection
	GlobalSection(ProjectConfigurationPlatforms) = postSolution
		{28159BB1-4BC7-4C8B-8139-FCCA4CEC3D0D}.Debug|Any CPU.ActiveCfg = Debug|Any CPU
		{28159BB1-4BC7-4C8B-8139-FCCA4CEC3D0D}.Debug|Any CPU.Build.0 = Debug|Any CPU
		{28159BB1-4BC7-4C8B-8139-FCCA4CEC3D0D}.Release|Any CPU.ActiveCfg = Release|Any CPU
		{28159BB1-4BC7-4C8B-8139-FCCA4CEC3D0D}.Release|Any CPU.Build.0 = Release|Any CPU
	EndGlobalSection
	GlobalSection(SolutionProperties) = preSolution
		HideSolutionNode = FALSE
	EndGlobalSection
	GlobalSection(ExtensibilityGlobals) = postSolution
		SolutionGuid = {54EC12C8-0072-4EEE-A051-FDC6B9B95325}
	EndGlobalSection
EndGlobal
